
Microsoft Visual Studio Solution File, Format Version 12.00
# Visual Studio Express 2013 for Windows Desktop
VisualStudioVersion = 12.0.31101.0
MinimumVisualStudioVersion = 10.0.40219.1
Project("{8BC9CEB8-8B4A-11D0-8D11-00A0C91BC942}") = "graphics_terminal", "graphics_terminal\graphics_terminal.vcxproj", "{0FAE10A3-596E-4ADC-8A6C-64C7E80BD74E}"
	ProjectSection(ProjectDependencies) = postProject
		{701DB500-FD9F-4F07-9B8F-2F75638AB8C2} = {701DB500-FD9F-4F07-9B8F-2F75638AB8C2}
		{64EDDF03-BD14-408C-80F7-3872985A4D60} = {64EDDF03-BD14-408C-80F7-3872985A4D60}
		{B7F45C33-415F-4C5E-8E74-84AC2500EA44} = {B7F45C33-415F-4C5E-8E74-84AC2500EA44}
		{C372C64E-EBD7-4F32-BC78-7DDFAD00F3B7} = {C372C64E-EBD7-4F32-BC78-7DDFAD00F3B7}
	EndProjectSection
EndProject
Project("{8BC9CEB8-8B4A-11D0-8D11-00A0C91BC942}") = "libgraphterm", "libgraphterm\libgraphterm.vcxproj", "{701DB500-FD9F-4F07-9B8F-2F75638AB8C2}"
	ProjectSection(ProjectDependencies) = postProject
		{64EDDF03-BD14-408C-80F7-3872985A4D60} = {64EDDF03-BD14-408C-80F7-3872985A4D60}
		{B7F45C33-415F-4C5E-8E74-84AC2500EA44} = {B7F45C33-415F-4C5E-8E74-84AC2500EA44}
		{C372C64E-EBD7-4F32-BC78-7DDFAD00F3B7} = {C372C64E-EBD7-4F32-BC78-7DDFAD00F3B7}
	EndProjectSection
EndProject
Project("{8BC9CEB8-8B4A-11D0-8D11-00A0C91BC942}") = "Nasm", "..\nasm\Nasm\Nasm.vcxproj", "{64EDDF03-BD14-408C-80F7-3872985A4D60}"
EndProject
Project("{8BC9CEB8-8B4A-11D0-8D11-00A0C91BC942}") = "libshadercompiler", "..\shadercompiler\shadercompiler.vcxproj", "{C372C64E-EBD7-4F32-BC78-7DDFAD00F3B7}"
	ProjectSection(ProjectDependencies) = postProject
		{B7F45C33-415F-4C5E-8E74-84AC2500EA44} = {B7F45C33-415F-4C5E-8E74-84AC2500EA44}
	EndProjectSection
EndProject
Project("{8BC9CEB8-8B4A-11D0-8D11-00A0C91BC942}") = "libutils", "utils\utils.vcxproj", "{B7F45C33-415F-4C5E-8E74-84AC2500EA44}"
EndProject
Project("{8BC9CEB8-8B4A-11D0-8D11-00A0C91BC942}") = "test_nographics", "test_nographics\test_nographics.vcxproj", "{EB3216F5-D06C-4C8D-A965-EF0A5DD14CD6}"
	ProjectSection(ProjectDependencies) = postProject
		{64EDDF03-BD14-408C-80F7-3872985A4D60} = {64EDDF03-BD14-408C-80F7-3872985A4D60}
		{B7F45C33-415F-4C5E-8E74-84AC2500EA44} = {B7F45C33-415F-4C5E-8E74-84AC2500EA44}
		{C372C64E-EBD7-4F32-BC78-7DDFAD00F3B7} = {C372C64E-EBD7-4F32-BC78-7DDFAD00F3B7}
	EndProjectSection
EndProject
Global
	GlobalSection(SolutionConfigurationPlatforms) = preSolution
		Debug|Win32 = Debug|Win32
		Release|Win32 = Release|Win32
	EndGlobalSection
	GlobalSection(ProjectConfigurationPlatforms) = postSolution
		{0FAE10A3-596E-4ADC-8A6C-64C7E80BD74E}.Debug|Win32.ActiveCfg = Debug|Win32
		{0FAE10A3-596E-4ADC-8A6C-64C7E80BD74E}.Debug|Win32.Build.0 = Debug|Win32
		{0FAE10A3-596E-4ADC-8A6C-64C7E80BD74E}.Release|Win32.ActiveCfg = Release|Win32
		{0FAE10A3-596E-4ADC-8A6C-64C7E80BD74E}.Release|Win32.Build.0 = Release|Win32
		{701DB500-FD9F-4F07-9B8F-2F75638AB8C2}.Debug|Win32.ActiveCfg = Debug|Win32
		{701DB500-FD9F-4F07-9B8F-2F75638AB8C2}.Debug|Win32.Build.0 = Debug|Win32
		{701DB500-FD9F-4F07-9B8F-2F75638AB8C2}.Release|Win32.ActiveCfg = Release|Win32
		{701DB500-FD9F-4F07-9B8F-2F75638AB8C2}.Release|Win32.Build.0 = Release|Win32
		{64EDDF03-BD14-408C-80F7-3872985A4D60}.Debug|Win32.ActiveCfg = Debug|Win32
		{64EDDF03-BD14-408C-80F7-3872985A4D60}.Debug|Win32.Build.0 = Debug|Win32
		{64EDDF03-BD14-408C-80F7-3872985A4D60}.Release|Win32.ActiveCfg = Release|Win32
		{64EDDF03-BD14-408C-80F7-3872985A4D60}.Release|Win32.Build.0 = Release|Win32
		{C372C64E-EBD7-4F32-BC78-7DDFAD00F3B7}.Debug|Win32.ActiveCfg = Debug|Win32
		{C372C64E-EBD7-4F32-BC78-7DDFAD00F3B7}.Debug|Win32.Build.0 = Debug|Win32
		{C372C64E-EBD7-4F32-BC78-7DDFAD00F3B7}.Release|Win32.ActiveCfg = Release|Win32
		{C372C64E-EBD7-4F32-BC78-7DDFAD00F3B7}.Release|Win32.Build.0 = Release|Win32
		{B7F45C33-415F-4C5E-8E74-84AC2500EA44}.Debug|Win32.ActiveCfg = Debug|Win32
		{B7F45C33-415F-4C5E-8E74-84AC2500EA44}.Debug|Win32.Build.0 = Debug|Win32
		{B7F45C33-415F-4C5E-8E74-84AC2500EA44}.Release|Win32.ActiveCfg = Release|Win32
		{B7F45C33-415F-4C5E-8E74-84AC2500EA44}.Release|Win32.Build.0 = Release|Win32
		{EB3216F5-D06C-4C8D-A965-EF0A5DD14CD6}.Debug|Win32.ActiveCfg = Debug|Win32
		{EB3216F5-D06C-4C8D-A965-EF0A5DD14CD6}.Debug|Win32.Build.0 = Debug|Win32
		{EB3216F5-D06C-4C8D-A965-EF0A5DD14CD6}.Release|Win32.ActiveCfg = Release|Win32
		{EB3216F5-D06C-4C8D-A965-EF0A5DD14CD6}.Release|Win32.Build.0 = Release|Win32
	EndGlobalSection
	GlobalSection(SolutionProperties) = preSolution
		HideSolutionNode = FALSE
	EndGlobalSection
EndGlobal
